
Microsoft Visual Studio Solution File, Format Version 12.00
# Visual Studio Version 16
VisualStudioVersion = 16.0.30907.101
MinimumVisualStudioVersion = 10.0.40219.1
Project("{FAE04EC0-301F-11D3-BF4B-00C04F79EFBC}") = "machinetestsaralerp", "machinetestsaralerp\machinetestsaralerp.csproj", "{05D15911-2761-4734-9EA0-FD19DA1F3963}"
EndProject
Project("{2150E333-8FDC-42A3-9474-1A3956D46DE8}") = "Repository", "Repository", "{87B68530-5DB7-4EEA-834B-D4BED2077B85}"
EndProject
Project("{FAE04EC0-301F-11D3-BF4B-00C04F79EFBC}") = "Repository", "Repository\Repository.csproj", "{3682FE06-9A3E-4AFB-A659-0A6E5BFC9556}"
EndProject
Global
	GlobalSection(SolutionConfigurationPlatforms) = preSolution
		Debug|Any CPU = Debug|Any CPU
		Release|Any CPU = Release|Any CPU
	EndGlobalSection
	GlobalSection(ProjectConfigurationPlatforms) = postSolution
		{05D15911-2761-4734-9EA0-FD19DA1F3963}.Debug|Any CPU.ActiveCfg = Debug|Any CPU
		{05D15911-2761-4734-9EA0-FD19DA1F3963}.Debug|Any CPU.Build.0 = Debug|Any CPU
		{05D15911-2761-4734-9EA0-FD19DA1F3963}.Release|Any CPU.ActiveCfg = Release|Any CPU
		{05D15911-2761-4734-9EA0-FD19DA1F3963}.Release|Any CPU.Build.0 = Release|Any CPU
		{3682FE06-9A3E-4AFB-A659-0A6E5BFC9556}.Debug|Any CPU.ActiveCfg = Debug|Any CPU
		{3682FE06-9A3E-4AFB-A659-0A6E5BFC9556}.Debug|Any CPU.Build.0 = Debug|Any CPU
		{3682FE06-9A3E-4AFB-A659-0A6E5BFC9556}.Release|Any CPU.ActiveCfg = Release|Any CPU
		{3682FE06-9A3E-4AFB-A659-0A6E5BFC9556}.Release|Any CPU.Build.0 = Release|Any CPU
	EndGlobalSection
	GlobalSection(SolutionProperties) = preSolution
		HideSolutionNode = FALSE
	EndGlobalSection
	GlobalSection(NestedProjects) = preSolution
		{3682FE06-9A3E-4AFB-A659-0A6E5BFC9556} = {87B68530-5DB7-4EEA-834B-D4BED2077B85}
	EndGlobalSection
	GlobalSection(ExtensibilityGlobals) = postSolution
		SolutionGuid = {647EC8E7-E7F4-4F06-A91E-67EF79B7677A}
	EndGlobalSection
EndGlobal
